
Microsoft Visual Studio Solution File, Format Version 12.00
# Visual Studio Version 16
VisualStudioVersion = 16.0.29324.140
MinimumVisualStudioVersion = 10.0.40219.1
Project("{9A19103F-16F7-4668-BE54-9A1E7A4F7556}") = "BankServer", "BankServer\BankServer.csproj", "{226F2E4F-350D-40B2-89E4-65DB24C69FC3}"
EndProject
Project("{FAE04EC0-301F-11D3-BF4B-00C04F79EFBC}") = "AddCardUtil", "AddCardUtil\AddCardUtil.csproj", "{C6CE8BC8-B1D6-482C-87D2-87AE7690D3F0}"
EndProject
Global
	GlobalSection(SolutionConfigurationPlatforms) = preSolution
		Debug|Any CPU = Debug|Any CPU
		Release|Any CPU = Release|Any CPU
	EndGlobalSection
	GlobalSection(ProjectConfigurationPlatforms) = postSolution
		{226F2E4F-350D-40B2-89E4-65DB24C69FC3}.Debug|Any CPU.ActiveCfg = Debug|Any CPU
		{226F2E4F-350D-40B2-89E4-65DB24C69FC3}.Debug|Any CPU.Build.0 = Debug|Any CPU
		{226F2E4F-350D-40B2-89E4-65DB24C69FC3}.Release|Any CPU.ActiveCfg = Release|Any CPU
		{226F2E4F-350D-40B2-89E4-65DB24C69FC3}.Release|Any CPU.Build.0 = Release|Any CPU
		{C6CE8BC8-B1D6-482C-87D2-87AE7690D3F0}.Debug|Any CPU.ActiveCfg = Debug|Any CPU
		{C6CE8BC8-B1D6-482C-87D2-87AE7690D3F0}.Debug|Any CPU.Build.0 = Debug|Any CPU
		{C6CE8BC8-B1D6-482C-87D2-87AE7690D3F0}.Release|Any CPU.ActiveCfg = Release|Any CPU
		{C6CE8BC8-B1D6-482C-87D2-87AE7690D3F0}.Release|Any CPU.Build.0 = Release|Any CPU
	EndGlobalSection
	GlobalSection(SolutionProperties) = preSolution
		HideSolutionNode = FALSE
	EndGlobalSection
	GlobalSection(ExtensibilityGlobals) = postSolution
		SolutionGuid = {9F29D696-95A2-440E-B3F4-A29916ADA7FD}
	EndGlobalSection
EndGlobal
